{
  "name": "Baekjoon-Algorithm",
  "version": "1.0.0",
  "lockfileVersion": 1,
  "requires": true,
  "dependencies": {
    "numpy": {
      "version": "0.0.1",
      "resolved": "https://registry.npmjs.org/numpy/-/numpy-0.0.1.tgz",
      "integrity": "sha512-HPoSFyRtH4dRUGjI6bzeVKgfOeNtIAWLvVWMqbaNGmWKE+npdnZ6L78TEJELgZBb+9XpL6r16vOz1jaQ7YVI7Q=="
    },
    "xhr2": {
      "version": "0.2.1",
      "resolved": "https://registry.npmjs.org/xhr2/-/xhr2-0.2.1.tgz",
      "integrity": "sha512-sID0rrVCqkVNUn8t6xuv9+6FViXjUVXq8H5rWOH2rz9fDNQEd4g0EA2XlcEdJXRz5BMEn4O1pJFdT+z4YHhoWw=="
    }
  }
}
